
Microsoft Visual Studio Solution File, Format Version 12.00
# Visual Studio Version 17
VisualStudioVersion = 17.4.32804.182
MinimumVisualStudioVersion = 10.0.40219.1
Project("{FAE04EC0-301F-11D3-BF4B-00C04F79EFBC}") = "WASP_autopark", "WASP_autopark\WASP_autopark.csproj", "{A0DB075E-2E9E-489E-8FDD-2BED5BAC0641}"
EndProject
Global
	GlobalSection(SolutionConfigurationPlatforms) = preSolution
		Debug|Any CPU = Debug|Any CPU
		Release|Any CPU = Release|Any CPU
	EndGlobalSection
	GlobalSection(ProjectConfigurationPlatforms) = postSolution
		{A0DB075E-2E9E-489E-8FDD-2BED5BAC0641}.Debug|Any CPU.ActiveCfg = Debug|Any CPU
		{A0DB075E-2E9E-489E-8FDD-2BED5BAC0641}.Debug|Any CPU.Build.0 = Debug|Any CPU
		{A0DB075E-2E9E-489E-8FDD-2BED5BAC0641}.Release|Any CPU.ActiveCfg = Release|Any CPU
		{A0DB075E-2E9E-489E-8FDD-2BED5BAC0641}.Release|Any CPU.Build.0 = Release|Any CPU
	EndGlobalSection
	GlobalSection(SolutionProperties) = preSolution
		HideSolutionNode = FALSE
	EndGlobalSection
	GlobalSection(ExtensibilityGlobals) = postSolution
		SolutionGuid = {7745D85C-81E5-4ACB-A541-229FEA8331F7}
	EndGlobalSection
EndGlobal
